// !$*UTF8*$!
{
	archiveVersion = 1;
	classes = {
	};
	objectVersion = 55;
	objects = {

/* Begin PBXBuildFile section */
		00A903CAF9FFB412DB4D9880 /* Pods_MoviesApp_MoviesAppUITests.framework in Frameworks */ = {isa = PBXBuildFile; fileRef = 3D4ABF06AB0E20AE06D91F8B /* Pods_MoviesApp_MoviesAppUITests.framework */; };
		13F2670665271BC206CA1465 /* Pods_MoviesAppTests.framework in Frameworks */ = {isa = PBXBuildFile; fileRef = C718DE5F738AA09941B95E78 /* Pods_MoviesAppTests.framework */; };
		31B4552F8FBD774EEEFFCA76 /* Pods_MoviesApp.framework in Frameworks */ = {isa = PBXBuildFile; fileRef = FABF1DA9258BC5F08CF25B2E /* Pods_MoviesApp.framework */; };
		E4F0D2092B473CDB0040D6F7 /* AppDelegate.swift in Sources */ = {isa = PBXBuildFile; fileRef = E4F0D2082B473CDB0040D6F7 /* AppDelegate.swift */; };
		E4F0D20B2B473CDB0040D6F7 /* SceneDelegate.swift in Sources */ = {isa = PBXBuildFile; fileRef = E4F0D20A2B473CDB0040D6F7 /* SceneDelegate.swift */; };
		E4F0D2102B473CDB0040D6F7 /* Main.storyboard in Resources */ = {isa = PBXBuildFile; fileRef = E4F0D20E2B473CDB0040D6F7 /* Main.storyboard */; };
		E4F0D2122B473CE00040D6F7 /* Assets.xcassets in Resources */ = {isa = PBXBuildFile; fileRef = E4F0D2112B473CE00040D6F7 /* Assets.xcassets */; };
		E4F0D2152B473CE00040D6F7 /* LaunchScreen.storyboard in Resources */ = {isa = PBXBuildFile; fileRef = E4F0D2132B473CE00040D6F7 /* LaunchScreen.storyboard */; };
		E4F0D2202B473CE10040D6F7 /* MoviesAppTests.swift in Sources */ = {isa = PBXBuildFile; fileRef = E4F0D21F2B473CE10040D6F7 /* MoviesAppTests.swift */; };
		E4F0D22A2B473CE10040D6F7 /* MoviesAppUITests.swift in Sources */ = {isa = PBXBuildFile; fileRef = E4F0D2292B473CE10040D6F7 /* MoviesAppUITests.swift */; };
		E4F0D22C2B473CE10040D6F7 /* MoviesAppUITestsLaunchTests.swift in Sources */ = {isa = PBXBuildFile; fileRef = E4F0D22B2B473CE10040D6F7 /* MoviesAppUITestsLaunchTests.swift */; };
		E4F0D23A2B4745440040D6F7 /* NetworkService.swift in Sources */ = {isa = PBXBuildFile; fileRef = E4F0D2392B4745440040D6F7 /* NetworkService.swift */; };
		E4F0D2402B47616D0040D6F7 /* MoviesCollectionViewController.swift in Sources */ = {isa = PBXBuildFile; fileRef = E4F0D23F2B47616D0040D6F7 /* MoviesCollectionViewController.swift */; };
		E4F0D2422B4774310040D6F7 /* MovieCollectionViewCell.swift in Sources */ = {isa = PBXBuildFile; fileRef = E4F0D2412B4774310040D6F7 /* MovieCollectionViewCell.swift */; };
		E4F89AAC2B486F7400F8C174 /* Constants.swift in Sources */ = {isa = PBXBuildFile; fileRef = E4F89AAB2B486F7400F8C174 /* Constants.swift */; };
		E4F89AAE2B4873C800F8C174 /* MovieModel.swift in Sources */ = {isa = PBXBuildFile; fileRef = E4F89AAD2B4873C800F8C174 /* MovieModel.swift */; };
		E4F89AB12B488B4100F8C174 /* MoviesViewModel.swift in Sources */ = {isa = PBXBuildFile; fileRef = E4F89AB02B488B4100F8C174 /* MoviesViewModel.swift */; };
		E4F89AB42B48C3F100F8C174 /* Alert.swift in Sources */ = {isa = PBXBuildFile; fileRef = E4F89AB32B48C3F000F8C174 /* Alert.swift */; };
/* End PBXBuildFile section */

/* Begin PBXContainerItemProxy section */
		E4F0D21C2B473CE10040D6F7 /* PBXContainerItemProxy */ = {
			isa = PBXContainerItemProxy;
			containerPortal = E4F0D1FD2B473CDB0040D6F7 /* Project object */;
			proxyType = 1;
			remoteGlobalIDString = E4F0D2042B473CDB0040D6F7;
			remoteInfo = MoviesApp;
		};
		E4F0D2262B473CE10040D6F7 /* PBXContainerItemProxy */ = {
			isa = PBXContainerItemProxy;
			containerPortal = E4F0D1FD2B473CDB0040D6F7 /* Project object */;
			proxyType = 1;
			remoteGlobalIDString = E4F0D2042B473CDB0040D6F7;
			remoteInfo = MoviesApp;
		};
/* End PBXContainerItemProxy section */

/* Begin PBXFileReference section */
		028B00FD57ABA4550C2371B2 /* Pods-MoviesAppTests.debug.xcconfig */ = {isa = PBXFileReference; includeInIndex = 1; lastKnownFileType = text.xcconfig; name = "Pods-MoviesAppTests.debug.xcconfig"; path = "Target Support Files/Pods-MoviesAppTests/Pods-MoviesAppTests.debug.xcconfig"; sourceTree = "<group>"; };
		3C3C55DCC944F3DF447897B5 /* Pods-MoviesApp-MoviesAppUITests.debug.xcconfig */ = {isa = PBXFileReference; includeInIndex = 1; lastKnownFileType = text.xcconfig; name = "Pods-MoviesApp-MoviesAppUITests.debug.xcconfig"; path = "Target Support Files/Pods-MoviesApp-MoviesAppUITests/Pods-MoviesApp-MoviesAppUITests.debug.xcconfig"; sourceTree = "<group>"; };
		3D4ABF06AB0E20AE06D91F8B /* Pods_MoviesApp_MoviesAppUITests.framework */ = {isa = PBXFileReference; explicitFileType = wrapper.framework; includeInIndex = 0; path = Pods_MoviesApp_MoviesAppUITests.framework; sourceTree = BUILT_PRODUCTS_DIR; };
		5C8161C7A787E823FB450B23 /* Pods-MoviesApp.debug.xcconfig */ = {isa = PBXFileReference; includeInIndex = 1; lastKnownFileType = text.xcconfig; name = "Pods-MoviesApp.debug.xcconfig"; path = "Target Support Files/Pods-MoviesApp/Pods-MoviesApp.debug.xcconfig"; sourceTree = "<group>"; };
		9FE052AB66E7C43AE2A3E3D4 /* Pods-MoviesApp.release.xcconfig */ = {isa = PBXFileReference; includeInIndex = 1; lastKnownFileType = text.xcconfig; name = "Pods-MoviesApp.release.xcconfig"; path = "Target Support Files/Pods-MoviesApp/Pods-MoviesApp.release.xcconfig"; sourceTree = "<group>"; };
		C309B37BE19C68AC83716D12 /* Pods-MoviesApp-MoviesAppUITests.release.xcconfig */ = {isa = PBXFileReference; includeInIndex = 1; lastKnownFileType = text.xcconfig; name = "Pods-MoviesApp-MoviesAppUITests.release.xcconfig"; path = "Target Support Files/Pods-MoviesApp-MoviesAppUITests/Pods-MoviesApp-MoviesAppUITests.release.xcconfig"; sourceTree = "<group>"; };
		C718DE5F738AA09941B95E78 /* Pods_MoviesAppTests.framework */ = {isa = PBXFileReference; explicitFileType = wrapper.framework; includeInIndex = 0; path = Pods_MoviesAppTests.framework; sourceTree = BUILT_PRODUCTS_DIR; };
		DF4B3944842403269511AB70 /* Pods-MoviesAppTests.release.xcconfig */ = {isa = PBXFileReference; includeInIndex = 1; lastKnownFileType = text.xcconfig; name = "Pods-MoviesAppTests.release.xcconfig"; path = "Target Support Files/Pods-MoviesAppTests/Pods-MoviesAppTests.release.xcconfig"; sourceTree = "<group>"; };
		E4F0D2052B473CDB0040D6F7 /* MoviesApp.app */ = {isa = PBXFileReference; explicitFileType = wrapper.application; includeInIndex = 0; path = MoviesApp.app; sourceTree = BUILT_PRODUCTS_DIR; };
		E4F0D2082B473CDB0040D6F7 /* AppDelegate.swift */ = {isa = PBXFileReference; lastKnownFileType = sourcecode.swift; path = AppDelegate.swift; sourceTree = "<group>"; };
		E4F0D20A2B473CDB0040D6F7 /* SceneDelegate.swift */ = {isa = PBXFileReference; lastKnownFileType = sourcecode.swift; path = SceneDelegate.swift; sourceTree = "<group>"; };
		E4F0D20F2B473CDB0040D6F7 /* Base */ = {isa = PBXFileReference; lastKnownFileType = file.storyboard; name = Base; path = Base.lproj/Main.storyboard; sourceTree = "<group>"; };
		E4F0D2112B473CE00040D6F7 /* Assets.xcassets */ = {isa = PBXFileReference; lastKnownFileType = folder.assetcatalog; path = Assets.xcassets; sourceTree = "<group>"; };
		E4F0D2142B473CE00040D6F7 /* Base */ = {isa = PBXFileReference; lastKnownFileType = file.storyboard; name = Base; path = Base.lproj/LaunchScreen.storyboard; sourceTree = "<group>"; };
		E4F0D2162B473CE00040D6F7 /* Info.plist */ = {isa = PBXFileReference; lastKnownFileType = text.plist.xml; path = Info.plist; sourceTree = "<group>"; };
		E4F0D21B2B473CE10040D6F7 /* MoviesAppTests.xctest */ = {isa = PBXFileReference; explicitFileType = wrapper.cfbundle; includeInIndex = 0; path = MoviesAppTests.xctest; sourceTree = BUILT_PRODUCTS_DIR; };
		E4F0D21F2B473CE10040D6F7 /* MoviesAppTests.swift */ = {isa = PBXFileReference; lastKnownFileType = sourcecode.swift; path = MoviesAppTests.swift; sourceTree = "<group>"; };
		E4F0D2252B473CE10040D6F7 /* MoviesAppUITests.xctest */ = {isa = PBXFileReference; explicitFileType = wrapper.cfbundle; includeInIndex = 0; path = MoviesAppUITests.xctest; sourceTree = BUILT_PRODUCTS_DIR; };
		E4F0D2292B473CE10040D6F7 /* MoviesAppUITests.swift */ = {isa = PBXFileReference; lastKnownFileType = sourcecode.swift; path = MoviesAppUITests.swift; sourceTree = "<group>"; };
		E4F0D22B2B473CE10040D6F7 /* MoviesAppUITestsLaunchTests.swift */ = {isa = PBXFileReference; lastKnownFileType = sourcecode.swift; path = MoviesAppUITestsLaunchTests.swift; sourceTree = "<group>"; };
		E4F0D2392B4745440040D6F7 /* NetworkService.swift */ = {isa = PBXFileReference; lastKnownFileType = sourcecode.swift; path = NetworkService.swift; sourceTree = "<group>"; };
		E4F0D23F2B47616D0040D6F7 /* MoviesCollectionViewController.swift */ = {isa = PBXFileReference; lastKnownFileType = sourcecode.swift; path = MoviesCollectionViewController.swift; sourceTree = "<group>"; };
		E4F0D2412B4774310040D6F7 /* MovieCollectionViewCell.swift */ = {isa = PBXFileReference; lastKnownFileType = sourcecode.swift; path = MovieCollectionViewCell.swift; sourceTree = "<group>"; };
		E4F89AAB2B486F7400F8C174 /* Constants.swift */ = {isa = PBXFileReference; lastKnownFileType = sourcecode.swift; path = Constants.swift; sourceTree = "<group>"; };
		E4F89AAD2B4873C800F8C174 /* MovieModel.swift */ = {isa = PBXFileReference; lastKnownFileType = sourcecode.swift; path = MovieModel.swift; sourceTree = "<group>"; };
		E4F89AB02B488B4100F8C174 /* MoviesViewModel.swift */ = {isa = PBXFileReference; lastKnownFileType = sourcecode.swift; path = MoviesViewModel.swift; sourceTree = "<group>"; };
		E4F89AB32B48C3F000F8C174 /* Alert.swift */ = {isa = PBXFileReference; lastKnownFileType = sourcecode.swift; path = Alert.swift; sourceTree = "<group>"; };
		FABF1DA9258BC5F08CF25B2E /* Pods_MoviesApp.framework */ = {isa = PBXFileReference; explicitFileType = wrapper.framework; includeInIndex = 0; path = Pods_MoviesApp.framework; sourceTree = BUILT_PRODUCTS_DIR; };
/* End PBXFileReference section */

/* Begin PBXFrameworksBuildPhase section */
		E4F0D2022B473CDB0040D6F7 /* Frameworks */ = {
			isa = PBXFrameworksBuildPhase;
			buildActionMask = 2147483647;
			files = (
				31B4552F8FBD774EEEFFCA76 /* Pods_MoviesApp.framework in Frameworks */,
			);
			runOnlyForDeploymentPostprocessing = 0;
		};
		E4F0D2182B473CE10040D6F7 /* Frameworks */ = {
			isa = PBXFrameworksBuildPhase;
			buildActionMask = 2147483647;
			files = (
				13F2670665271BC206CA1465 /* Pods_MoviesAppTests.framework in Frameworks */,
			);
			runOnlyForDeploymentPostprocessing = 0;
		};
		E4F0D2222B473CE10040D6F7 /* Frameworks */ = {
			isa = PBXFrameworksBuildPhase;
			buildActionMask = 2147483647;
			files = (
				00A903CAF9FFB412DB4D9880 /* Pods_MoviesApp_MoviesAppUITests.framework in Frameworks */,
			);
			runOnlyForDeploymentPostprocessing = 0;
		};
/* End PBXFrameworksBuildPhase section */

/* Begin PBXGroup section */
		166CCB1046930B419A6994FB /* Pods */ = {
			isa = PBXGroup;
			children = (
				5C8161C7A787E823FB450B23 /* Pods-MoviesApp.debug.xcconfig */,
				9FE052AB66E7C43AE2A3E3D4 /* Pods-MoviesApp.release.xcconfig */,
				3C3C55DCC944F3DF447897B5 /* Pods-MoviesApp-MoviesAppUITests.debug.xcconfig */,
				C309B37BE19C68AC83716D12 /* Pods-MoviesApp-MoviesAppUITests.release.xcconfig */,
				028B00FD57ABA4550C2371B2 /* Pods-MoviesAppTests.debug.xcconfig */,
				DF4B3944842403269511AB70 /* Pods-MoviesAppTests.release.xcconfig */,
			);
			path = Pods;
			sourceTree = "<group>";
		};
		AC83FCEAD08117F8968AAD2B /* Frameworks */ = {
			isa = PBXGroup;
			children = (
				FABF1DA9258BC5F08CF25B2E /* Pods_MoviesApp.framework */,
				3D4ABF06AB0E20AE06D91F8B /* Pods_MoviesApp_MoviesAppUITests.framework */,
				C718DE5F738AA09941B95E78 /* Pods_MoviesAppTests.framework */,
			);
			name = Frameworks;
			sourceTree = "<group>";
		};
		E4F0D1FC2B473CDB0040D6F7 = {
			isa = PBXGroup;
			children = (
				E4F0D2072B473CDB0040D6F7 /* MoviesApp */,
				E4F0D21E2B473CE10040D6F7 /* MoviesAppTests */,
				E4F0D2282B473CE10040D6F7 /* MoviesAppUITests */,
				E4F0D2062B473CDB0040D6F7 /* Products */,
				166CCB1046930B419A6994FB /* Pods */,
				AC83FCEAD08117F8968AAD2B /* Frameworks */,
			);
			sourceTree = "<group>";
		};
		E4F0D2062B473CDB0040D6F7 /* Products */ = {
			isa = PBXGroup;
			children = (
				E4F0D2052B473CDB0040D6F7 /* MoviesApp.app */,
				E4F0D21B2B473CE10040D6F7 /* MoviesAppTests.xctest */,
				E4F0D2252B473CE10040D6F7 /* MoviesAppUITests.xctest */,
			);
			name = Products;
			sourceTree = "<group>";
		};
		E4F0D2072B473CDB0040D6F7 /* MoviesApp */ = {
			isa = PBXGroup;
			children = (
				E4F89AB22B48C30B00F8C174 /* Utilities */,
				E4F89AAA2B486F4E00F8C174 /* Constants */,
				E4F0D23C2B4760D70040D6F7 /* Modules */,
				E4F0D23B2B47609A0040D6F7 /* Models */,
				E4F0D2382B4745100040D6F7 /* Network Layer */,
				E4F0D2082B473CDB0040D6F7 /* AppDelegate.swift */,
				E4F0D20A2B473CDB0040D6F7 /* SceneDelegate.swift */,
				E4F0D20E2B473CDB0040D6F7 /* Main.storyboard */,
				E4F0D2112B473CE00040D6F7 /* Assets.xcassets */,
				E4F0D2132B473CE00040D6F7 /* LaunchScreen.storyboard */,
				E4F0D2162B473CE00040D6F7 /* Info.plist */,
			);
			path = MoviesApp;
			sourceTree = "<group>";
		};
		E4F0D21E2B473CE10040D6F7 /* MoviesAppTests */ = {
			isa = PBXGroup;
			children = (
				E4F0D21F2B473CE10040D6F7 /* MoviesAppTests.swift */,
			);
			path = MoviesAppTests;
			sourceTree = "<group>";
		};
		E4F0D2282B473CE10040D6F7 /* MoviesAppUITests */ = {
			isa = PBXGroup;
			children = (
				E4F0D2292B473CE10040D6F7 /* MoviesAppUITests.swift */,
				E4F0D22B2B473CE10040D6F7 /* MoviesAppUITestsLaunchTests.swift */,
			);
			path = MoviesAppUITests;
			sourceTree = "<group>";
		};
		E4F0D2382B4745100040D6F7 /* Network Layer */ = {
			isa = PBXGroup;
			children = (
				E4F0D2392B4745440040D6F7 /* NetworkService.swift */,
			);
			path = "Network Layer";
			sourceTree = "<group>";
		};
		E4F0D23B2B47609A0040D6F7 /* Models */ = {
			isa = PBXGroup;
			children = (
				E4F89AAD2B4873C800F8C174 /* MovieModel.swift */,
			);
			path = Models;
			sourceTree = "<group>";
		};
		E4F0D23C2B4760D70040D6F7 /* Modules */ = {
			isa = PBXGroup;
			children = (
				E4F0D23D2B4760EB0040D6F7 /* MoviesList */,
			);
			path = Modules;
			sourceTree = "<group>";
		};
		E4F0D23D2B4760EB0040D6F7 /* MoviesList */ = {
			isa = PBXGroup;
			children = (
				E4F0D23E2B47611C0040D6F7 /* UI */,
				E4F89AAF2B488B1600F8C174 /* ViewModel */,
			);
			path = MoviesList;
			sourceTree = "<group>";
		};
		E4F0D23E2B47611C0040D6F7 /* UI */ = {
			isa = PBXGroup;
			children = (
				E4F0D23F2B47616D0040D6F7 /* MoviesCollectionViewController.swift */,
				E4F0D2412B4774310040D6F7 /* MovieCollectionViewCell.swift */,
			);
			path = UI;
			sourceTree = "<group>";
		};
		E4F89AAA2B486F4E00F8C174 /* Constants */ = {
			isa = PBXGroup;
			children = (
				E4F89AAB2B486F7400F8C174 /* Constants.swift */,
			);
			path = Constants;
			sourceTree = "<group>";
		};
		E4F89AAF2B488B1600F8C174 /* ViewModel */ = {
			isa = PBXGroup;
			children = (
				E4F89AB02B488B4100F8C174 /* MoviesViewModel.swift */,
			);
			path = ViewModel;
			sourceTree = "<group>";
		};
		E4F89AB22B48C30B00F8C174 /* Utilities */ = {
			isa = PBXGroup;
			children = (
				E4F89AB32B48C3F000F8C174 /* Alert.swift */,
			);
			path = Utilities;
			sourceTree = "<group>";
		};
/* End PBXGroup section */

/* Begin PBXNativeTarget section */
		E4F0D2042B473CDB0040D6F7 /* MoviesApp */ = {
			isa = PBXNativeTarget;
			buildConfigurationList = E4F0D22F2B473CE10040D6F7 /* Build configuration list for PBXNativeTarget "MoviesApp" */;
			buildPhases = (
				7A26F4355258E855F0ED482A /* [CP] Check Pods Manifest.lock */,
				E4F0D2012B473CDB0040D6F7 /* Sources */,
				E4F0D2022B473CDB0040D6F7 /* Frameworks */,
				E4F0D2032B473CDB0040D6F7 /* Resources */,
				651638AB8373693B0FD1C6E5 /* [CP] Embed Pods Frameworks */,
			);
			buildRules = (
			);
			dependencies = (
			);
			name = MoviesApp;
			productName = MoviesApp;
			productReference = E4F0D2052B473CDB0040D6F7 /* MoviesApp.app */;
			productType = "com.apple.product-type.application";
		};
		E4F0D21A2B473CE10040D6F7 /* MoviesAppTests */ = {
			isa = PBXNativeTarget;
			buildConfigurationList = E4F0D2322B473CE10040D6F7 /* Build configuration list for PBXNativeTarget "MoviesAppTests" */;
			buildPhases = (
				E826C06FC230787083856A20 /* [CP] Check Pods Manifest.lock */,
				E4F0D2172B473CE10040D6F7 /* Sources */,
				E4F0D2182B473CE10040D6F7 /* Frameworks */,
				E4F0D2192B473CE10040D6F7 /* Resources */,
			);
			buildRules = (
			);
			dependencies = (
				E4F0D21D2B473CE10040D6F7 /* PBXTargetDependency */,
			);
			name = MoviesAppTests;
			productName = MoviesAppTests;
			productReference = E4F0D21B2B473CE10040D6F7 /* MoviesAppTests.xctest */;
			productType = "com.apple.product-type.bundle.unit-test";
		};
		E4F0D2242B473CE10040D6F7 /* MoviesAppUITests */ = {
			isa = PBXNativeTarget;
			buildConfigurationList = E4F0D2352B473CE10040D6F7 /* Build configuration list for PBXNativeTarget "MoviesAppUITests" */;
			buildPhases = (
				414AE9352B38062156F51BBB /* [CP] Check Pods Manifest.lock */,
				E4F0D2212B473CE10040D6F7 /* Sources */,
				E4F0D2222B473CE10040D6F7 /* Frameworks */,
				E4F0D2232B473CE10040D6F7 /* Resources */,
				4BDAC4E009CD8E76D7B712C5 /* [CP] Embed Pods Frameworks */,
			);
			buildRules = (
			);
			dependencies = (
				E4F0D2272B473CE10040D6F7 /* PBXTargetDependency */,
			);
			name = MoviesAppUITests;
			productName = MoviesAppUITests;
			productReference = E4F0D2252B473CE10040D6F7 /* MoviesAppUITests.xctest */;
			productType = "com.apple.product-type.bundle.ui-testing";
		};
/* End PBXNativeTarget section */

/* Begin PBXProject section */
		E4F0D1FD2B473CDB0040D6F7 /* Project object */ = {
			isa = PBXProject;
			attributes = {
				BuildIndependentTargetsInParallel = 1;
				LastSwiftUpdateCheck = 1340;
				LastUpgradeCheck = 1340;
				TargetAttributes = {
					E4F0D2042B473CDB0040D6F7 = {
						CreatedOnToolsVersion = 13.4.1;
					};
					E4F0D21A2B473CE10040D6F7 = {
						CreatedOnToolsVersion = 13.4.1;
						TestTargetID = E4F0D2042B473CDB0040D6F7;
					};
					E4F0D2242B473CE10040D6F7 = {
						CreatedOnToolsVersion = 13.4.1;
						TestTargetID = E4F0D2042B473CDB0040D6F7;
					};
				};
			};
			buildConfigurationList = E4F0D2002B473CDB0040D6F7 /* Build configuration list for PBXProject "MoviesApp" */;
			compatibilityVersion = "Xcode 13.0";
			developmentRegion = en;
			hasScannedForEncodings = 0;
			knownRegions = (
				en,
				Base,
			);
			mainGroup = E4F0D1FC2B473CDB0040D6F7;
			productRefGroup = E4F0D2062B473CDB0040D6F7 /* Products */;
			projectDirPath = "";
			projectRoot = "";
			targets = (
				E4F0D2042B473CDB0040D6F7 /* MoviesApp */,
				E4F0D21A2B473CE10040D6F7 /* MoviesAppTests */,
				E4F0D2242B473CE10040D6F7 /* MoviesAppUITests */,
			);
		};
/* End PBXProject section */

/* Begin PBXResourcesBuildPhase section */
		E4F0D2032B473CDB0040D6F7 /* Resources */ = {
			isa = PBXResourcesBuildPhase;
			buildActionMask = 2147483647;
			files = (
				E4F0D2152B473CE00040D6F7 /* LaunchScreen.storyboard in Resources */,
				E4F0D2122B473CE00040D6F7 /* Assets.xcassets in Resources */,
				E4F0D2102B473CDB0040D6F7 /* Main.storyboard in Resources */,
			);
			runOnlyForDeploymentPostprocessing = 0;
		};
		E4F0D2192B473CE10040D6F7 /* Resources */ = {
			isa = PBXResourcesBuildPhase;
			buildActionMask = 2147483647;
			files = (
			);
			runOnlyForDeploymentPostprocessing = 0;
		};
		E4F0D2232B473CE10040D6F7 /* Resources */ = {
			isa = PBXResourcesBuildPhase;
			buildActionMask = 2147483647;
			files = (
			);
			runOnlyForDeploymentPostprocessing = 0;
		};
/* End PBXResourcesBuildPhase section */

/* Begin PBXShellScriptBuildPhase section */
		414AE9352B38062156F51BBB /* [CP] Check Pods Manifest.lock */ = {
			isa = PBXShellScriptBuildPhase;
			buildActionMask = 2147483647;
			files = (
			);
			inputFileListPaths = (
			);
			inputPaths = (
				"${PODS_PODFILE_DIR_PATH}/Podfile.lock",
				"${PODS_ROOT}/Manifest.lock",
			);
			name = "[CP] Check Pods Manifest.lock";
			outputFileListPaths = (
			);
			outputPaths = (
				"$(DERIVED_FILE_DIR)/Pods-MoviesApp-MoviesAppUITests-checkManifestLockResult.txt",
			);
			runOnlyForDeploymentPostprocessing = 0;
			shellPath = /bin/sh;
			shellScript = "diff \"${PODS_PODFILE_DIR_PATH}/Podfile.lock\" \"${PODS_ROOT}/Manifest.lock\" > /dev/null\nif [ $? != 0 ] ; then\n    # print error to STDERR\n    echo \"error: The sandbox is not in sync with the Podfile.lock. Run 'pod install' or update your CocoaPods installation.\" >&2\n    exit 1\nfi\n# This output is used by Xcode 'outputs' to avoid re-running this script phase.\necho \"SUCCESS\" > \"${SCRIPT_OUTPUT_FILE_0}\"\n";
			showEnvVarsInLog = 0;
		};
		4BDAC4E009CD8E76D7B712C5 /* [CP] Embed Pods Frameworks */ = {
			isa = PBXShellScriptBuildPhase;
			buildActionMask = 2147483647;
			files = (
			);
			inputFileListPaths = (
				"${PODS_ROOT}/Target Support Files/Pods-MoviesApp-MoviesAppUITests/Pods-MoviesApp-MoviesAppUITests-frameworks-${CONFIGURATION}-input-files.xcfilelist",
			);
			name = "[CP] Embed Pods Frameworks";
			outputFileListPaths = (
				"${PODS_ROOT}/Target Support Files/Pods-MoviesApp-MoviesAppUITests/Pods-MoviesApp-MoviesAppUITests-frameworks-${CONFIGURATION}-output-files.xcfilelist",
			);
			runOnlyForDeploymentPostprocessing = 0;
			shellPath = /bin/sh;
			shellScript = "\"${PODS_ROOT}/Target Support Files/Pods-MoviesApp-MoviesAppUITests/Pods-MoviesApp-MoviesAppUITests-frameworks.sh\"\n";
			showEnvVarsInLog = 0;
		};
		651638AB8373693B0FD1C6E5 /* [CP] Embed Pods Frameworks */ = {
			isa = PBXShellScriptBuildPhase;
			buildActionMask = 2147483647;
			files = (
			);
			inputFileListPaths = (
				"${PODS_ROOT}/Target Support Files/Pods-MoviesApp/Pods-MoviesApp-frameworks-${CONFIGURATION}-input-files.xcfilelist",
			);
			name = "[CP] Embed Pods Frameworks";
			outputFileListPaths = (
				"${PODS_ROOT}/Target Support Files/Pods-MoviesApp/Pods-MoviesApp-frameworks-${CONFIGURATION}-output-files.xcfilelist",
			);
			runOnlyForDeploymentPostprocessing = 0;
			shellPath = /bin/sh;
			shellScript = "\"${PODS_ROOT}/Target Support Files/Pods-MoviesApp/Pods-MoviesApp-frameworks.sh\"\n";
			showEnvVarsInLog = 0;
		};
		7A26F4355258E855F0ED482A /* [CP] Check Pods Manifest.lock */ = {
			isa = PBXShellScriptBuildPhase;
			buildActionMask = 2147483647;
			files = (
			);
			inputFileListPaths = (
			);
			inputPaths = (
				"${PODS_PODFILE_DIR_PATH}/Podfile.lock",
				"${PODS_ROOT}/Manifest.lock",
			);
			name = "[CP] Check Pods Manifest.lock";
			outputFileListPaths = (
			);
			outputPaths = (
				"$(DERIVED_FILE_DIR)/Pods-MoviesApp-checkManifestLockResult.txt",
			);
			runOnlyForDeploymentPostprocessing = 0;
			shellPath = /bin/sh;
			shellScript = "diff \"${PODS_PODFILE_DIR_PATH}/Podfile.lock\" \"${PODS_ROOT}/Manifest.lock\" > /dev/null\nif [ $? != 0 ] ; then\n    # print error to STDERR\n    echo \"error: The sandbox is not in sync with the Podfile.lock. Run 'pod install' or update your CocoaPods installation.\" >&2\n    exit 1\nfi\n# This output is used by Xcode 'outputs' to avoid re-running this script phase.\necho \"SUCCESS\" > \"${SCRIPT_OUTPUT_FILE_0}\"\n";
			showEnvVarsInLog = 0;
		};
		E826C06FC230787083856A20 /* [CP] Check Pods Manifest.lock */ = {
			isa = PBXShellScriptBuildPhase;
			buildActionMask = 2147483647;
			files = (
			);
			inputFileListPaths = (
			);
			inputPaths = (
				"${PODS_PODFILE_DIR_PATH}/Podfile.lock",
				"${PODS_ROOT}/Manifest.lock",
			);
			name = "[CP] Check Pods Manifest.lock";
			outputFileListPaths = (
			);
			outputPaths = (
				"$(DERIVED_FILE_DIR)/Pods-MoviesAppTests-checkManifestLockResult.txt",
			);
			runOnlyForDeploymentPostprocessing = 0;
			shellPath = /bin/sh;
			shellScript = "diff \"${PODS_PODFILE_DIR_PATH}/Podfile.lock\" \"${PODS_ROOT}/Manifest.lock\" > /dev/null\nif [ $? != 0 ] ; then\n    # print error to STDERR\n    echo \"error: The sandbox is not in sync with the Podfile.lock. Run 'pod install' or update your CocoaPods installation.\" >&2\n    exit 1\nfi\n# This output is used by Xcode 'outputs' to avoid re-running this script phase.\necho \"SUCCESS\" > \"${SCRIPT_OUTPUT_FILE_0}\"\n";
			showEnvVarsInLog = 0;
		};
/* End PBXShellScriptBuildPhase section */

/* Begin PBXSourcesBuildPhase section */
		E4F0D2012B473CDB0040D6F7 /* Sources */ = {
			isa = PBXSourcesBuildPhase;
			buildActionMask = 2147483647;
			files = (
				E4F89AB42B48C3F100F8C174 /* Alert.swift in Sources */,
				E4F89AAE2B4873C800F8C174 /* MovieModel.swift in Sources */,
				E4F0D2092B473CDB0040D6F7 /* AppDelegate.swift in Sources */,
				E4F0D2402B47616D0040D6F7 /* MoviesCollectionViewController.swift in Sources */,
				E4F0D2422B4774310040D6F7 /* MovieCollectionViewCell.swift in Sources */,
				E4F0D23A2B4745440040D6F7 /* NetworkService.swift in Sources */,
				E4F0D20B2B473CDB0040D6F7 /* SceneDelegate.swift in Sources */,
				E4F89AAC2B486F7400F8C174 /* Constants.swift in Sources */,
				E4F89AB12B488B4100F8C174 /* MoviesViewModel.swift in Sources */,
			);
			runOnlyForDeploymentPostprocessing = 0;
		};
		E4F0D2172B473CE10040D6F7 /* Sources */ = {
			isa = PBXSourcesBuildPhase;
			buildActionMask = 2147483647;
			files = (
				E4F0D2202B473CE10040D6F7 /* MoviesAppTests.swift in Sources */,
			);
			runOnlyForDeploymentPostprocessing = 0;
		};
		E4F0D2212B473CE10040D6F7 /* Sources */ = {
			isa = PBXSourcesBuildPhase;
			buildActionMask = 2147483647;
			files = (
				E4F0D22A2B473CE10040D6F7 /* MoviesAppUITests.swift in Sources */,
				E4F0D22C2B473CE10040D6F7 /* MoviesAppUITestsLaunchTests.swift in Sources */,
			);
			runOnlyForDeploymentPostprocessing = 0;
		};
/* End PBXSourcesBuildPhase section */

/* Begin PBXTargetDependency section */
		E4F0D21D2B473CE10040D6F7 /* PBXTargetDependency */ = {
			isa = PBXTargetDependency;
			target = E4F0D2042B473CDB0040D6F7 /* MoviesApp */;
			targetProxy = E4F0D21C2B473CE10040D6F7 /* PBXContainerItemProxy */;
		};
		E4F0D2272B473CE10040D6F7 /* PBXTargetDependency */ = {
			isa = PBXTargetDependency;
			target = E4F0D2042B473CDB0040D6F7 /* MoviesApp */;
			targetProxy = E4F0D2262B473CE10040D6F7 /* PBXContainerItemProxy */;
		};
/* End PBXTargetDependency section */

/* Begin PBXVariantGroup section */
		E4F0D20E2B473CDB0040D6F7 /* Main.storyboard */ = {
			isa = PBXVariantGroup;
			children = (
				E4F0D20F2B473CDB0040D6F7 /* Base */,
			);
			name = Main.storyboard;
			sourceTree = "<group>";
		};
		E4F0D2132B473CE00040D6F7 /* LaunchScreen.storyboard */ = {
			isa = PBXVariantGroup;
			children = (
				E4F0D2142B473CE00040D6F7 /* Base */,
			);
			name = LaunchScreen.storyboard;
			sourceTree = "<group>";
		};
/* End PBXVariantGroup section */

/* Begin XCBuildConfiguration section */
		E4F0D22D2B473CE10040D6F7 /* Debug */ = {
			isa = XCBuildConfiguration;
			buildSettings = {
				ALWAYS_SEARCH_USER_PATHS = NO;
				CLANG_ANALYZER_NONNULL = YES;
				CLANG_ANALYZER_NUMBER_OBJECT_CONVERSION = YES_AGGRESSIVE;
				CLANG_CXX_LANGUAGE_STANDARD = "gnu++17";
				CLANG_ENABLE_MODULES = YES;
				CLANG_ENABLE_OBJC_ARC = YES;
				CLANG_ENABLE_OBJC_WEAK = YES;
				CLANG_WARN_BLOCK_CAPTURE_AUTORELEASING = YES;
				CLANG_WARN_BOOL_CONVERSION = YES;
				CLANG_WARN_COMMA = YES;
				CLANG_WARN_CONSTANT_CONVERSION = YES;
				CLANG_WARN_DEPRECATED_OBJC_IMPLEMENTATIONS = YES;
				CLANG_WARN_DIRECT_OBJC_ISA_USAGE = YES_ERROR;
				CLANG_WARN_DOCUMENTATION_COMMENTS = YES;
				CLANG_WARN_EMPTY_BODY = YES;
				CLANG_WARN_ENUM_CONVERSION = YES;
				CLANG_WARN_INFINITE_RECURSION = YES;
				CLANG_WARN_INT_CONVERSION = YES;
				CLANG_WARN_NON_LITERAL_NULL_CONVERSION = YES;
				CLANG_WARN_OBJC_IMPLICIT_RETAIN_SELF = YES;
				CLANG_WARN_OBJC_LITERAL_CONVERSION = YES;
				CLANG_WARN_OBJC_ROOT_CLASS = YES_ERROR;
				CLANG_WARN_QUOTED_INCLUDE_IN_FRAMEWORK_HEADER = YES;
				CLANG_WARN_RANGE_LOOP_ANALYSIS = YES;
				CLANG_WARN_STRICT_PROTOTYPES = YES;
				CLANG_WARN_SUSPICIOUS_MOVE = YES;
				CLANG_WARN_UNGUARDED_AVAILABILITY = YES_AGGRESSIVE;
				CLANG_WARN_UNREACHABLE_CODE = YES;
				CLANG_WARN__DUPLICATE_METHOD_MATCH = YES;
				COPY_PHASE_STRIP = NO;
				DEBUG_INFORMATION_FORMAT = dwarf;
				ENABLE_STRICT_OBJC_MSGSEND = YES;
				ENABLE_TESTABILITY = YES;
				GCC_C_LANGUAGE_STANDARD = gnu11;
				GCC_DYNAMIC_NO_PIC = NO;
				GCC_NO_COMMON_BLOCKS = YES;
				GCC_OPTIMIZATION_LEVEL = 0;
				GCC_PREPROCESSOR_DEFINITIONS = (
					"DEBUG=1",
					"$(inherited)",
				);
				GCC_WARN_64_TO_32_BIT_CONVERSION = YES;
				GCC_WARN_ABOUT_RETURN_TYPE = YES_ERROR;
				GCC_WARN_UNDECLARED_SELECTOR = YES;
				GCC_WARN_UNINITIALIZED_AUTOS = YES_AGGRESSIVE;
				GCC_WARN_UNUSED_FUNCTION = YES;
				GCC_WARN_UNUSED_VARIABLE = YES;
				IPHONEOS_DEPLOYMENT_TARGET = 15.5;
				MTL_ENABLE_DEBUG_INFO = INCLUDE_SOURCE;
				MTL_FAST_MATH = YES;
				ONLY_ACTIVE_ARCH = YES;
				SDKROOT = iphoneos;
				SWIFT_ACTIVE_COMPILATION_CONDITIONS = DEBUG;
				SWIFT_OPTIMIZATION_LEVEL = "-Onone";
			};
			name = Debug;
		};
		E4F0D22E2B473CE10040D6F7 /* Release */ = {
			isa = XCBuildConfiguration;
			buildSettings = {
				ALWAYS_SEARCH_USER_PATHS = NO;
				CLANG_ANALYZER_NONNULL = YES;
				CLANG_ANALYZER_NUMBER_OBJECT_CONVERSION = YES_AGGRESSIVE;
				CLANG_CXX_LANGUAGE_STANDARD = "gnu++17";
				CLANG_ENABLE_MODULES = YES;
				CLANG_ENABLE_OBJC_ARC = YES;
				CLANG_ENABLE_OBJC_WEAK = YES;
				CLANG_WARN_BLOCK_CAPTURE_AUTORELEASING = YES;
				CLANG_WARN_BOOL_CONVERSION = YES;
				CLANG_WARN_COMMA = YES;
				CLANG_WARN_CONSTANT_CONVERSION = YES;
				CLANG_WARN_DEPRECATED_OBJC_IMPLEMENTATIONS = YES;
				CLANG_WARN_DIRECT_OBJC_ISA_USAGE = YES_ERROR;
				CLANG_WARN_DOCUMENTATION_COMMENTS = YES;
				CLANG_WARN_EMPTY_BODY = YES;
				CLANG_WARN_ENUM_CONVERSION = YES;
				CLANG_WARN_INFINITE_RECURSION = YES;
				CLANG_WARN_INT_CONVERSION = YES;
				CLANG_WARN_NON_LITERAL_NULL_CONVERSION = YES;
				CLANG_WARN_OBJC_IMPLICIT_RETAIN_SELF = YES;
				CLANG_WARN_OBJC_LITERAL_CONVERSION = YES;
				CLANG_WARN_OBJC_ROOT_CLASS = YES_ERROR;
				CLANG_WARN_QUOTED_INCLUDE_IN_FRAMEWORK_HEADER = YES;
				CLANG_WARN_RANGE_LOOP_ANALYSIS = YES;
				CLANG_WARN_STRICT_PROTOTYPES = YES;
				CLANG_WARN_SUSPICIOUS_MOVE = YES;
				CLANG_WARN_UNGUARDED_AVAILABILITY = YES_AGGRESSIVE;
				CLANG_WARN_UNREACHABLE_CODE = YES;
				CLANG_WARN__DUPLICATE_METHOD_MATCH = YES;
				COPY_PHASE_STRIP = NO;
				DEBUG_INFORMATION_FORMAT = "dwarf-with-dsym";
				ENABLE_NS_ASSERTIONS = NO;
				ENABLE_STRICT_OBJC_MSGSEND = YES;
				GCC_C_LANGUAGE_STANDARD = gnu11;
				GCC_NO_COMMON_BLOCKS = YES;
				GCC_WARN_64_TO_32_BIT_CONVERSION = YES;
				GCC_WARN_ABOUT_RETURN_TYPE = YES_ERROR;
				GCC_WARN_UNDECLARED_SELECTOR = YES;
				GCC_WARN_UNINITIALIZED_AUTOS = YES_AGGRESSIVE;
				GCC_WARN_UNUSED_FUNCTION = YES;
				GCC_WARN_UNUSED_VARIABLE = YES;
				IPHONEOS_DEPLOYMENT_TARGET = 15.5;
				MTL_ENABLE_DEBUG_INFO = NO;
				MTL_FAST_MATH = YES;
				SDKROOT = iphoneos;
				SWIFT_COMPILATION_MODE = wholemodule;
				SWIFT_OPTIMIZATION_LEVEL = "-O";
				VALIDATE_PRODUCT = YES;
			};
			name = Release;
		};
		E4F0D2302B473CE10040D6F7 /* Debug */ = {
			isa = XCBuildConfiguration;
			baseConfigurationReference = 5C8161C7A787E823FB450B23 /* Pods-MoviesApp.debug.xcconfig */;
			buildSettings = {
				ASSETCATALOG_COMPILER_APPICON_NAME = AppIcon;
				ASSETCATALOG_COMPILER_GLOBAL_ACCENT_COLOR_NAME = AccentColor;
				CODE_SIGN_STYLE = Automatic;
				CURRENT_PROJECT_VERSION = 1;
				GENERATE_INFOPLIST_FILE = YES;
				INFOPLIST_FILE = MoviesApp/Info.plist;
				INFOPLIST_KEY_UIApplicationSupportsIndirectInputEvents = YES;
				INFOPLIST_KEY_UILaunchStoryboardName = LaunchScreen;
				INFOPLIST_KEY_UIMainStoryboardFile = Main;
				INFOPLIST_KEY_UISupportedInterfaceOrientations = "";
				INFOPLIST_KEY_UISupportedInterfaceOrientations_iPad = "UIInterfaceOrientationPortrait UIInterfaceOrientationPortraitUpsideDown UIInterfaceOrientationLandscapeLeft UIInterfaceOrientationLandscapeRight";
				INFOPLIST_KEY_UISupportedInterfaceOrientations_iPhone = "UIInterfaceOrientationPortrait UIInterfaceOrientationLandscapeLeft UIInterfaceOrientationLandscapeRight";
				LD_RUNPATH_SEARCH_PATHS = (
					"$(inherited)",
					"@executable_path/Frameworks",
				);
				MARKETING_VERSION = 1.0;
				PRODUCT_BUNDLE_IDENTIFIER = dinaelshabassy.MoviesApp;
				PRODUCT_NAME = "$(TARGET_NAME)";
				SWIFT_EMIT_LOC_STRINGS = YES;
				SWIFT_VERSION = 5.0;
				TARGETED_DEVICE_FAMILY = "1,2";
			};
			name = Debug;
		};
		E4F0D2312B473CE10040D6F7 /* Release */ = {
			isa = XCBuildConfiguration;
			baseConfigurationReference = 9FE052AB66E7C43AE2A3E3D4 /* Pods-MoviesApp.release.xcconfig */;
			buildSettings = {
				ASSETCATALOG_COMPILER_APPICON_NAME = AppIcon;
				ASSETCATALOG_COMPILER_GLOBAL_ACCENT_COLOR_NAME = AccentColor;
				CODE_SIGN_STYLE = Automatic;
				CURRENT_PROJECT_VERSION = 1;
				GENERATE_INFOPLIST_FILE = YES;
				INFOPLIST_FILE = MoviesApp/Info.plist;
				INFOPLIST_KEY_UIApplicationSupportsIndirectInputEvents = YES;
				INFOPLIST_KEY_UILaunchStoryboardName = LaunchScreen;
				INFOPLIST_KEY_UIMainStoryboardFile = Main;
				INFOPLIST_KEY_UISupportedInterfaceOrientations = "";
				INFOPLIST_KEY_UISupportedInterfaceOrientations_iPad = "UIInterfaceOrientationPortrait UIInterfaceOrientationPortraitUpsideDown UIInterfaceOrientationLandscapeLeft UIInterfaceOrientationLandscapeRight";
				INFOPLIST_KEY_UISupportedInterfaceOrientations_iPhone = "UIInterfaceOrientationPortrait UIInterfaceOrientationLandscapeLeft UIInterfaceOrientationLandscapeRight";
				LD_RUNPATH_SEARCH_PATHS = (
					"$(inherited)",
					"@executable_path/Frameworks",
				);
				MARKETING_VERSION = 1.0;
				PRODUCT_BUNDLE_IDENTIFIER = dinaelshabassy.MoviesApp;
				PRODUCT_NAME = "$(TARGET_NAME)";
				SWIFT_EMIT_LOC_STRINGS = YES;
				SWIFT_VERSION = 5.0;
				TARGETED_DEVICE_FAMILY = "1,2";
			};
			name = Release;
		};
		E4F0D2332B473CE10040D6F7 /* Debug */ = {
			isa = XCBuildConfiguration;
			baseConfigurationReference = 028B00FD57ABA4550C2371B2 /* Pods-MoviesAppTests.debug.xcconfig */;
			buildSettings = {
				ALWAYS_EMBED_SWIFT_STANDARD_LIBRARIES = YES;
				BUNDLE_LOADER = "$(TEST_HOST)";
				CODE_SIGN_STYLE = Automatic;
				CURRENT_PROJECT_VERSION = 1;
				GENERATE_INFOPLIST_FILE = YES;
				IPHONEOS_DEPLOYMENT_TARGET = 15.5;
				MARKETING_VERSION = 1.0;
				PRODUCT_BUNDLE_IDENTIFIER = dinaelshabassy.MoviesAppTests;
				PRODUCT_NAME = "$(TARGET_NAME)";
				SWIFT_EMIT_LOC_STRINGS = NO;
				SWIFT_VERSION = 5.0;
				TARGETED_DEVICE_FAMILY = "1,2";
				TEST_HOST = "$(BUILT_PRODUCTS_DIR)/MoviesApp.app/MoviesApp";
			};
			name = Debug;
		};
		E4F0D2342B473CE10040D6F7 /* Release */ = {
			isa = XCBuildConfiguration;
			baseConfigurationReference = DF4B3944842403269511AB70 /* Pods-MoviesAppTests.release.xcconfig */;
			buildSettings = {
				ALWAYS_EMBED_SWIFT_STANDARD_LIBRARIES = YES;
				BUNDLE_LOADER = "$(TEST_HOST)";
				CODE_SIGN_STYLE = Automatic;
				CURRENT_PROJECT_VERSION = 1;
				GENERATE_INFOPLIST_FILE = YES;
				IPHONEOS_DEPLOYMENT_TARGET = 15.5;
				MARKETING_VERSION = 1.0;
				PRODUCT_BUNDLE_IDENTIFIER = dinaelshabassy.MoviesAppTests;
				PRODUCT_NAME = "$(TARGET_NAME)";
				SWIFT_EMIT_LOC_STRINGS = NO;
				SWIFT_VERSION = 5.0;
				TARGETED_DEVICE_FAMILY = "1,2";
				TEST_HOST = "$(BUILT_PRODUCTS_DIR)/MoviesApp.app/MoviesApp";
			};
			name = Release;
		};
		E4F0D2362B473CE10040D6F7 /* Debug */ = {
			isa = XCBuildConfiguration;
			baseConfigurationReference = 3C3C55DCC944F3DF447897B5 /* Pods-MoviesApp-MoviesAppUITests.debug.xcconfig */;
			buildSettings = {
				ALWAYS_EMBED_SWIFT_STANDARD_LIBRARIES = YES;
				CODE_SIGN_STYLE = Automatic;
				CURRENT_PROJECT_VERSION = 1;
				GENERATE_INFOPLIST_FILE = YES;
				MARKETING_VERSION = 1.0;
				PRODUCT_BUNDLE_IDENTIFIER = dinaelshabassy.MoviesAppUITests;
				PRODUCT_NAME = "$(TARGET_NAME)";
				SWIFT_EMIT_LOC_STRINGS = NO;
				SWIFT_VERSION = 5.0;
				TARGETED_DEVICE_FAMILY = "1,2";
				TEST_TARGET_NAME = MoviesApp;
			};
			name = Debug;
		};
		E4F0D2372B473CE10040D6F7 /* Release */ = {
			isa = XCBuildConfiguration;
			baseConfigurationReference = C309B37BE19C68AC83716D12 /* Pods-MoviesApp-MoviesAppUITests.release.xcconfig */;
			buildSettings = {
				ALWAYS_EMBED_SWIFT_STANDARD_LIBRARIES = YES;
				CODE_SIGN_STYLE = Automatic;
				CURRENT_PROJECT_VERSION = 1;
				GENERATE_INFOPLIST_FILE = YES;
				MARKETING_VERSION = 1.0;
				PRODUCT_BUNDLE_IDENTIFIER = dinaelshabassy.MoviesAppUITests;
				PRODUCT_NAME = "$(TARGET_NAME)";
				SWIFT_EMIT_LOC_STRINGS = NO;
				SWIFT_VERSION = 5.0;
				TARGETED_DEVICE_FAMILY = "1,2";
				TEST_TARGET_NAME = MoviesApp;
			};
			name = Release;
		};
/* End XCBuildConfiguration section */

/* Begin XCConfigurationList section */
		E4F0D2002B473CDB0040D6F7 /* Build configuration list for PBXProject "MoviesApp" */ = {
			isa = XCConfigurationList;
			buildConfigurations = (
				E4F0D22D2B473CE10040D6F7 /* Debug */,
				E4F0D22E2B473CE10040D6F7 /* Release */,
			);
			defaultConfigurationIsVisible = 0;
			defaultConfigurationName = Release;
		};
		E4F0D22F2B473CE10040D6F7 /* Build configuration list for PBXNativeTarget "MoviesApp" */ = {
			isa = XCConfigurationList;
			buildConfigurations = (
				E4F0D2302B473CE10040D6F7 /* Debug */,
				E4F0D2312B473CE10040D6F7 /* Release */,
			);
			defaultConfigurationIsVisible = 0;
			defaultConfigurationName = Release;
		};
		E4F0D2322B473CE10040D6F7 /* Build configuration list for PBXNativeTarget "MoviesAppTests" */ = {
			isa = XCConfigurationList;
			buildConfigurations = (
				E4F0D2332B473CE10040D6F7 /* Debug */,
				E4F0D2342B473CE10040D6F7 /* Release */,
			);
			defaultConfigurationIsVisible = 0;
			defaultConfigurationName = Release;
		};
		E4F0D2352B473CE10040D6F7 /* Build configuration list for PBXNativeTarget "MoviesAppUITests" */ = {
			isa = XCConfigurationList;
			buildConfigurations = (
				E4F0D2362B473CE10040D6F7 /* Debug */,
				E4F0D2372B473CE10040D6F7 /* Release */,
			);
			defaultConfigurationIsVisible = 0;
			defaultConfigurationName = Release;
		};
/* End XCConfigurationList section */
	};
	rootObject = E4F0D1FD2B473CDB0040D6F7 /* Project object */;
}
